
Microsoft Visual Studio Solution File, Format Version 12.00
# Visual Studio 15
VisualStudioVersion = 15.0.28010.2016
MinimumVisualStudioVersion = 10.0.40219.1
Project("{FAE04EC0-301F-11D3-BF4B-00C04F79EFBC}") = "CMOV2_Xamarin.Android", "CMOV2_Xamarin\CMOV2_Xamarin.Android\CMOV2_Xamarin.Android.csproj", "{D99D3CB4-CF3D-431F-95AF-F344C1B079DC}"
EndProject
Project("{FAE04EC0-301F-11D3-BF4B-00C04F79EFBC}") = "CMOV2_Xamarin.UWP", "CMOV2_Xamarin\CMOV2_Xamarin.UWP\CMOV2_Xamarin.UWP.csproj", "{AAC65FD1-552F-4806-A869-15F1881BA95C}"
EndProject
Project("{FAE04EC0-301F-11D3-BF4B-00C04F79EFBC}") = "CMOV2_Xamarin", "CMOV2_Xamarin\CMOV2_Xamarin\CMOV2_Xamarin.csproj", "{A4633AF8-C237-44E6-B12D-2075797CF7E6}"
EndProject
Global
	GlobalSection(SolutionConfigurationPlatforms) = preSolution
		Debug|Any CPU = Debug|Any CPU
		Debug|ARM = Debug|ARM
		Debug|x64 = Debug|x64
		Debug|x86 = Debug|x86
		Release|Any CPU = Release|Any CPU
		Release|ARM = Release|ARM
		Release|x64 = Release|x64
		Release|x86 = Release|x86
	EndGlobalSection
	GlobalSection(ProjectConfigurationPlatforms) = postSolution
		{D99D3CB4-CF3D-431F-95AF-F344C1B079DC}.Debug|Any CPU.ActiveCfg = Debug|Any CPU
		{D99D3CB4-CF3D-431F-95AF-F344C1B079DC}.Debug|Any CPU.Build.0 = Debug|Any CPU
		{D99D3CB4-CF3D-431F-95AF-F344C1B079DC}.Debug|Any CPU.Deploy.0 = Debug|Any CPU
		{D99D3CB4-CF3D-431F-95AF-F344C1B079DC}.Debug|ARM.ActiveCfg = Debug|Any CPU
		{D99D3CB4-CF3D-431F-95AF-F344C1B079DC}.Debug|ARM.Build.0 = Debug|Any CPU
		{D99D3CB4-CF3D-431F-95AF-F344C1B079DC}.Debug|ARM.Deploy.0 = Debug|Any CPU
		{D99D3CB4-CF3D-431F-95AF-F344C1B079DC}.Debug|x64.ActiveCfg = Debug|Any CPU
		{D99D3CB4-CF3D-431F-95AF-F344C1B079DC}.Debug|x64.Build.0 = Debug|Any CPU
		{D99D3CB4-CF3D-431F-95AF-F344C1B079DC}.Debug|x64.Deploy.0 = Debug|Any CPU
		{D99D3CB4-CF3D-431F-95AF-F344C1B079DC}.Debug|x86.ActiveCfg = Debug|Any CPU
		{D99D3CB4-CF3D-431F-95AF-F344C1B079DC}.Debug|x86.Build.0 = Debug|Any CPU
		{D99D3CB4-CF3D-431F-95AF-F344C1B079DC}.Debug|x86.Deploy.0 = Debug|Any CPU
		{D99D3CB4-CF3D-431F-95AF-F344C1B079DC}.Release|Any CPU.ActiveCfg = Release|Any CPU
		{D99D3CB4-CF3D-431F-95AF-F344C1B079DC}.Release|Any CPU.Build.0 = Release|Any CPU
		{D99D3CB4-CF3D-431F-95AF-F344C1B079DC}.Release|Any CPU.Deploy.0 = Release|Any CPU
		{D99D3CB4-CF3D-431F-95AF-F344C1B079DC}.Release|ARM.ActiveCfg = Release|Any CPU
		{D99D3CB4-CF3D-431F-95AF-F344C1B079DC}.Release|ARM.Build.0 = Release|Any CPU
		{D99D3CB4-CF3D-431F-95AF-F344C1B079DC}.Release|ARM.Deploy.0 = Release|Any CPU
		{D99D3CB4-CF3D-431F-95AF-F344C1B079DC}.Release|x64.ActiveCfg = Release|Any CPU
		{D99D3CB4-CF3D-431F-95AF-F344C1B079DC}.Release|x64.Build.0 = Release|Any CPU
		{D99D3CB4-CF3D-431F-95AF-F344C1B079DC}.Release|x64.Deploy.0 = Release|Any CPU
		{D99D3CB4-CF3D-431F-95AF-F344C1B079DC}.Release|x86.ActiveCfg = Release|Any CPU
		{D99D3CB4-CF3D-431F-95AF-F344C1B079DC}.Release|x86.Build.0 = Release|Any CPU
		{D99D3CB4-CF3D-431F-95AF-F344C1B079DC}.Release|x86.Deploy.0 = Release|Any CPU
		{AAC65FD1-552F-4806-A869-15F1881BA95C}.Debug|Any CPU.ActiveCfg = Debug|x86
		{AAC65FD1-552F-4806-A869-15F1881BA95C}.Debug|Any CPU.Build.0 = Debug|x86
		{AAC65FD1-552F-4806-A869-15F1881BA95C}.Debug|Any CPU.Deploy.0 = Debug|x86
		{AAC65FD1-552F-4806-A869-15F1881BA95C}.Debug|ARM.ActiveCfg = Debug|ARM
		{AAC65FD1-552F-4806-A869-15F1881BA95C}.Debug|ARM.Build.0 = Debug|ARM
		{AAC65FD1-552F-4806-A869-15F1881BA95C}.Debug|ARM.Deploy.0 = Debug|ARM
		{AAC65FD1-552F-4806-A869-15F1881BA95C}.Debug|x64.ActiveCfg = Debug|x64
		{AAC65FD1-552F-4806-A869-15F1881BA95C}.Debug|x64.Build.0 = Debug|x64
		{AAC65FD1-552F-4806-A869-15F1881BA95C}.Debug|x64.Deploy.0 = Debug|x64
		{AAC65FD1-552F-4806-A869-15F1881BA95C}.Debug|x86.ActiveCfg = Debug|x86
		{AAC65FD1-552F-4806-A869-15F1881BA95C}.Debug|x86.Build.0 = Debug|x86
		{AAC65FD1-552F-4806-A869-15F1881BA95C}.Debug|x86.Deploy.0 = Debug|x86
		{AAC65FD1-552F-4806-A869-15F1881BA95C}.Release|Any CPU.ActiveCfg = Release|x86
		{AAC65FD1-552F-4806-A869-15F1881BA95C}.Release|Any CPU.Build.0 = Release|x86
		{AAC65FD1-552F-4806-A869-15F1881BA95C}.Release|Any CPU.Deploy.0 = Release|x86
		{AAC65FD1-552F-4806-A869-15F1881BA95C}.Release|ARM.ActiveCfg = Release|ARM
		{AAC65FD1-552F-4806-A869-15F1881BA95C}.Release|ARM.Build.0 = Release|ARM
		{AAC65FD1-552F-4806-A869-15F1881BA95C}.Release|ARM.Deploy.0 = Release|ARM
		{AAC65FD1-552F-4806-A869-15F1881BA95C}.Release|x64.ActiveCfg = Release|x64
		{AAC65FD1-552F-4806-A869-15F1881BA95C}.Release|x64.Build.0 = Release|x64
		{AAC65FD1-552F-4806-A869-15F1881BA95C}.Release|x64.Deploy.0 = Release|x64
		{AAC65FD1-552F-4806-A869-15F1881BA95C}.Release|x86.ActiveCfg = Release|x86
		{AAC65FD1-552F-4806-A869-15F1881BA95C}.Release|x86.Build.0 = Release|x86
		{AAC65FD1-552F-4806-A869-15F1881BA95C}.Release|x86.Deploy.0 = Release|x86
		{A4633AF8-C237-44E6-B12D-2075797CF7E6}.Debug|Any CPU.ActiveCfg = Debug|Any CPU
		{A4633AF8-C237-44E6-B12D-2075797CF7E6}.Debug|Any CPU.Build.0 = Debug|Any CPU
		{A4633AF8-C237-44E6-B12D-2075797CF7E6}.Debug|Any CPU.Deploy.0 = Debug|Any CPU
		{A4633AF8-C237-44E6-B12D-2075797CF7E6}.Debug|ARM.ActiveCfg = Debug|Any CPU
		{A4633AF8-C237-44E6-B12D-2075797CF7E6}.Debug|ARM.Build.0 = Debug|Any CPU
		{A4633AF8-C237-44E6-B12D-2075797CF7E6}.Debug|ARM.Deploy.0 = Debug|Any CPU
		{A4633AF8-C237-44E6-B12D-2075797CF7E6}.Debug|x64.ActiveCfg = Debug|Any CPU
		{A4633AF8-C237-44E6-B12D-2075797CF7E6}.Debug|x64.Build.0 = Debug|Any CPU
		{A4633AF8-C237-44E6-B12D-2075797CF7E6}.Debug|x64.Deploy.0 = Debug|Any CPU
		{A4633AF8-C237-44E6-B12D-2075797CF7E6}.Debug|x86.ActiveCfg = Debug|Any CPU
		{A4633AF8-C237-44E6-B12D-2075797CF7E6}.Debug|x86.Build.0 = Debug|Any CPU
		{A4633AF8-C237-44E6-B12D-2075797CF7E6}.Debug|x86.Deploy.0 = Debug|Any CPU
		{A4633AF8-C237-44E6-B12D-2075797CF7E6}.Release|Any CPU.ActiveCfg = Release|Any CPU
		{A4633AF8-C237-44E6-B12D-2075797CF7E6}.Release|Any CPU.Build.0 = Release|Any CPU
		{A4633AF8-C237-44E6-B12D-2075797CF7E6}.Release|Any CPU.Deploy.0 = Release|Any CPU
		{A4633AF8-C237-44E6-B12D-2075797CF7E6}.Release|ARM.ActiveCfg = Release|Any CPU
		{A4633AF8-C237-44E6-B12D-2075797CF7E6}.Release|ARM.Build.0 = Release|Any CPU
		{A4633AF8-C237-44E6-B12D-2075797CF7E6}.Release|ARM.Deploy.0 = Release|Any CPU
		{A4633AF8-C237-44E6-B12D-2075797CF7E6}.Release|x64.ActiveCfg = Release|Any CPU
		{A4633AF8-C237-44E6-B12D-2075797CF7E6}.Release|x64.Build.0 = Release|Any CPU
		{A4633AF8-C237-44E6-B12D-2075797CF7E6}.Release|x64.Deploy.0 = Release|Any CPU
		{A4633AF8-C237-44E6-B12D-2075797CF7E6}.Release|x86.ActiveCfg = Release|Any CPU
		{A4633AF8-C237-44E6-B12D-2075797CF7E6}.Release|x86.Build.0 = Release|Any CPU
		{A4633AF8-C237-44E6-B12D-2075797CF7E6}.Release|x86.Deploy.0 = Release|Any CPU
	EndGlobalSection
	GlobalSection(SolutionProperties) = preSolution
		HideSolutionNode = FALSE
	EndGlobalSection
	GlobalSection(ExtensibilityGlobals) = postSolution
		SolutionGuid = {3B772E8F-F97B-4A92-B290-39453227A006}
	EndGlobalSection
EndGlobal
